// !$*UTF8*$!
{
	archiveVersion = 1;
	classes = {
	};
	objectVersion = 56;
	objects = {

/* Begin PBXBuildFile section */
		45A10D722B8324E7009F76A4 /* animationApp.swift in Sources */ = {isa = PBXBuildFile; fileRef = 45A10D712B8324E7009F76A4 /* animationApp.swift */; };
		45A10D742B8324E7009F76A4 /* ContentView.swift in Sources */ = {isa = PBXBuildFile; fileRef = 45A10D732B8324E7009F76A4 /* ContentView.swift */; };
		45A10D762B8324E8009F76A4 /* Assets.xcassets in Resources */ = {isa = PBXBuildFile; fileRef = 45A10D752B8324E8009F76A4 /* Assets.xcassets */; };
		45A10D792B8324E8009F76A4 /* Preview Assets.xcassets in Resources */ = {isa = PBXBuildFile; fileRef = 45A10D782B8324E8009F76A4 /* Preview Assets.xcassets */; };
		45A10D832B8324E9009F76A4 /* animationTests.swift in Sources */ = {isa = PBXBuildFile; fileRef = 45A10D822B8324E9009F76A4 /* animationTests.swift */; };
		45A10D8D2B8324E9009F76A4 /* animationUITests.swift in Sources */ = {isa = PBXBuildFile; fileRef = 45A10D8C2B8324E9009F76A4 /* animationUITests.swift */; };
		45A10D8F2B8324E9009F76A4 /* animationUITestsLaunchTests.swift in Sources */ = {isa = PBXBuildFile; fileRef = 45A10D8E2B8324E9009F76A4 /* animationUITestsLaunchTests.swift */; };
		45A10D9C2B83259D009F76A4 /* SwiftUIView.swift in Sources */ = {isa = PBXBuildFile; fileRef = 45A10D9B2B83259D009F76A4 /* SwiftUIView.swift */; };
		45A10D9E2B83275C009F76A4 /* InShot_20240110_204136464.jpg in Resources */ = {isa = PBXBuildFile; fileRef = 45A10D9D2B83275C009F76A4 /* InShot_20240110_204136464.jpg */; };
/* End PBXBuildFile section */

/* Begin PBXContainerItemProxy section */
		45A10D7F2B8324E9009F76A4 /* PBXContainerItemProxy */ = {
			isa = PBXContainerItemProxy;
			containerPortal = 45A10D662B8324E7009F76A4 /* Project object */;
			proxyType = 1;
			remoteGlobalIDString = 45A10D6D2B8324E7009F76A4;
			remoteInfo = animation;
		};
		45A10D892B8324E9009F76A4 /* PBXContainerItemProxy */ = {
			isa = PBXContainerItemProxy;
			containerPortal = 45A10D662B8324E7009F76A4 /* Project object */;
			proxyType = 1;
			remoteGlobalIDString = 45A10D6D2B8324E7009F76A4;
			remoteInfo = animation;
		};
/* End PBXContainerItemProxy section */

/* Begin PBXFileReference section */
		45A10D6E2B8324E7009F76A4 /* animation.app */ = {isa = PBXFileReference; explicitFileType = wrapper.application; includeInIndex = 0; path = animation.app; sourceTree = BUILT_PRODUCTS_DIR; };
		45A10D712B8324E7009F76A4 /* animationApp.swift */ = {isa = PBXFileReference; lastKnownFileType = sourcecode.swift; path = animationApp.swift; sourceTree = "<group>"; };
		45A10D732B8324E7009F76A4 /* ContentView.swift */ = {isa = PBXFileReference; lastKnownFileType = sourcecode.swift; path = ContentView.swift; sourceTree = "<group>"; };
		45A10D752B8324E8009F76A4 /* Assets.xcassets */ = {isa = PBXFileReference; lastKnownFileType = folder.assetcatalog; path = Assets.xcassets; sourceTree = "<group>"; };
		45A10D782B8324E8009F76A4 /* Preview Assets.xcassets */ = {isa = PBXFileReference; lastKnownFileType = folder.assetcatalog; path = "Preview Assets.xcassets"; sourceTree = "<group>"; };
		45A10D7E2B8324E9009F76A4 /* animationTests.xctest */ = {isa = PBXFileReference; explicitFileType = wrapper.cfbundle; includeInIndex = 0; path = animationTests.xctest; sourceTree = BUILT_PRODUCTS_DIR; };
		45A10D822B8324E9009F76A4 /* animationTests.swift */ = {isa = PBXFileReference; lastKnownFileType = sourcecode.swift; path = animationTests.swift; sourceTree = "<group>"; };
		45A10D882B8324E9009F76A4 /* animationUITests.xctest */ = {isa = PBXFileReference; explicitFileType = wrapper.cfbundle; includeInIndex = 0; path = animationUITests.xctest; sourceTree = BUILT_PRODUCTS_DIR; };
		45A10D8C2B8324E9009F76A4 /* animationUITests.swift */ = {isa = PBXFileReference; lastKnownFileType = sourcecode.swift; path = animationUITests.swift; sourceTree = "<group>"; };
		45A10D8E2B8324E9009F76A4 /* animationUITestsLaunchTests.swift */ = {isa = PBXFileReference; lastKnownFileType = sourcecode.swift; path = animationUITestsLaunchTests.swift; sourceTree = "<group>"; };
		45A10D9B2B83259D009F76A4 /* SwiftUIView.swift */ = {isa = PBXFileReference; lastKnownFileType = sourcecode.swift; path = SwiftUIView.swift; sourceTree = "<group>"; };
		45A10D9D2B83275C009F76A4 /* InShot_20240110_204136464.jpg */ = {isa = PBXFileReference; lastKnownFileType = image.jpeg; name = InShot_20240110_204136464.jpg; path = ../../InShot_20240110_204136464.jpg; sourceTree = "<group>"; };
/* End PBXFileReference section */

/* Begin PBXFrameworksBuildPhase section */
		45A10D6B2B8324E7009F76A4 /* Frameworks */ = {
			isa = PBXFrameworksBuildPhase;
			buildActionMask = 2147483647;
			files = (
			);
			runOnlyForDeploymentPostprocessing = 0;
		};
		45A10D7B2B8324E9009F76A4 /* Frameworks */ = {
			isa = PBXFrameworksBuildPhase;
			buildActionMask = 2147483647;
			files = (
			);
			runOnlyForDeploymentPostprocessing = 0;
		};
		45A10D852B8324E9009F76A4 /* Frameworks */ = {
			isa = PBXFrameworksBuildPhase;
			buildActionMask = 2147483647;
			files = (
			);
			runOnlyForDeploymentPostprocessing = 0;
		};
/* End PBXFrameworksBuildPhase section */

/* Begin PBXGroup section */
		45A10D652B8324E7009F76A4 = {
			isa = PBXGroup;
			children = (
				45A10D702B8324E7009F76A4 /* animation */,
				45A10D812B8324E9009F76A4 /* animationTests */,
				45A10D8B2B8324E9009F76A4 /* animationUITests */,
				45A10D6F2B8324E7009F76A4 /* Products */,
			);
			sourceTree = "<group>";
		};
		45A10D6F2B8324E7009F76A4 /* Products */ = {
			isa = PBXGroup;
			children = (
				45A10D6E2B8324E7009F76A4 /* animation.app */,
				45A10D7E2B8324E9009F76A4 /* animationTests.xctest */,
				45A10D882B8324E9009F76A4 /* animationUITests.xctest */,
			);
			name = Products;
			sourceTree = "<group>";
		};
		45A10D702B8324E7009F76A4 /* animation */ = {
			isa = PBXGroup;
			children = (
				45A10D712B8324E7009F76A4 /* animationApp.swift */,
				45A10D732B8324E7009F76A4 /* ContentView.swift */,
				45A10D752B8324E8009F76A4 /* Assets.xcassets */,
				45A10D9D2B83275C009F76A4 /* InShot_20240110_204136464.jpg */,
				45A10D772B8324E8009F76A4 /* Preview Content */,
				45A10D9B2B83259D009F76A4 /* SwiftUIView.swift */,
			);
			path = animation;
			sourceTree = "<group>";
		};
		45A10D772B8324E8009F76A4 /* Preview Content */ = {
			isa = PBXGroup;
			children = (
				45A10D782B8324E8009F76A4 /* Preview Assets.xcassets */,
			);
			path = "Preview Content";
			sourceTree = "<group>";
		};
		45A10D812B8324E9009F76A4 /* animationTests */ = {
			isa = PBXGroup;
			children = (
				45A10D822B8324E9009F76A4 /* animationTests.swift */,
			);
			path = animationTests;
			sourceTree = "<group>";
		};
		45A10D8B2B8324E9009F76A4 /* animationUITests */ = {
			isa = PBXGroup;
			children = (
				45A10D8C2B8324E9009F76A4 /* animationUITests.swift */,
				45A10D8E2B8324E9009F76A4 /* animationUITestsLaunchTests.swift */,
			);
			path = animationUITests;
			sourceTree = "<group>";
		};
/* End PBXGroup section */

/* Begin PBXNativeTarget section */
		45A10D6D2B8324E7009F76A4 /* animation */ = {
			isa = PBXNativeTarget;
			buildConfigurationList = 45A10D922B8324E9009F76A4 /* Build configuration list for PBXNativeTarget "animation" */;
			buildPhases = (
				45A10D6A2B8324E7009F76A4 /* Sources */,
				45A10D6B2B8324E7009F76A4 /* Frameworks */,
				45A10D6C2B8324E7009F76A4 /* Resources */,
			);
			buildRules = (
			);
			dependencies = (
			);
			name = animation;
			productName = animation;
			productReference = 45A10D6E2B8324E7009F76A4 /* animation.app */;
			productType = "com.apple.product-type.application";
		};
		45A10D7D2B8324E9009F76A4 /* animationTests */ = {
			isa = PBXNativeTarget;
			buildConfigurationList = 45A10D952B8324E9009F76A4 /* Build configuration list for PBXNativeTarget "animationTests" */;
			buildPhases = (
				45A10D7A2B8324E9009F76A4 /* Sources */,
				45A10D7B2B8324E9009F76A4 /* Frameworks */,
				45A10D7C2B8324E9009F76A4 /* Resources */,
			);
			buildRules = (
			);
			dependencies = (
				45A10D802B8324E9009F76A4 /* PBXTargetDependency */,
			);
			name = animationTests;
			productName = animationTests;
			productReference = 45A10D7E2B8324E9009F76A4 /* animationTests.xctest */;
			productType = "com.apple.product-type.bundle.unit-test";
		};
		45A10D872B8324E9009F76A4 /* animationUITests */ = {
			isa = PBXNativeTarget;
			buildConfigurationList = 45A10D982B8324E9009F76A4 /* Build configuration list for PBXNativeTarget "animationUITests" */;
			buildPhases = (
				45A10D842B8324E9009F76A4 /* Sources */,
				45A10D852B8324E9009F76A4 /* Frameworks */,
				45A10D862B8324E9009F76A4 /* Resources */,
			);
			buildRules = (
			);
			dependencies = (
				45A10D8A2B8324E9009F76A4 /* PBXTargetDependency */,
			);
			name = animationUITests;
			productName = animationUITests;
			productReference = 45A10D882B8324E9009F76A4 /* animationUITests.xctest */;
			productType = "com.apple.product-type.bundle.ui-testing";
		};
/* End PBXNativeTarget section */

/* Begin PBXProject section */
		45A10D662B8324E7009F76A4 /* Project object */ = {
			isa = PBXProject;
			attributes = {
				BuildIndependentTargetsInParallel = 1;
				LastSwiftUpdateCheck = 1520;
				LastUpgradeCheck = 1520;
				TargetAttributes = {
					45A10D6D2B8324E7009F76A4 = {
						CreatedOnToolsVersion = 15.2;
					};
					45A10D7D2B8324E9009F76A4 = {
						CreatedOnToolsVersion = 15.2;
						TestTargetID = 45A10D6D2B8324E7009F76A4;
					};
					45A10D872B8324E9009F76A4 = {
						CreatedOnToolsVersion = 15.2;
						TestTargetID = 45A10D6D2B8324E7009F76A4;
					};
				};
			};
			buildConfigurationList = 45A10D692B8324E7009F76A4 /* Build configuration list for PBXProject "animation" */;
			compatibilityVersion = "Xcode 14.0";
			developmentRegion = en;
			hasScannedForEncodings = 0;
			knownRegions = (
				en,
				Base,
			);
			mainGroup = 45A10D652B8324E7009F76A4;
			productRefGroup = 45A10D6F2B8324E7009F76A4 /* Products */;
			projectDirPath = "";
			projectRoot = "";
			targets = (
				45A10D6D2B8324E7009F76A4 /* animation */,
				45A10D7D2B8324E9009F76A4 /* animationTests */,
				45A10D872B8324E9009F76A4 /* animationUITests */,
			);
		};
/* End PBXProject section */

/* Begin PBXResourcesBuildPhase section */
		45A10D6C2B8324E7009F76A4 /* Resources */ = {
			isa = PBXResourcesBuildPhase;
			buildActionMask = 2147483647;
			files = (
				45A10D792B8324E8009F76A4 /* Preview Assets.xcassets in Resources */,
				45A10D762B8324E8009F76A4 /* Assets.xcassets in Resources */,
				45A10D9E2B83275C009F76A4 /* InShot_20240110_204136464.jpg in Resources */,
			);
			runOnlyForDeploymentPostprocessing = 0;
		};
		45A10D7C2B8324E9009F76A4 /* Resources */ = {
			isa = PBXResourcesBuildPhase;
			buildActionMask = 2147483647;
			files = (
			);
			runOnlyForDeploymentPostprocessing = 0;
		};
		45A10D862B8324E9009F76A4 /* Resources */ = {
			isa = PBXResourcesBuildPhase;
			buildActionMask = 2147483647;
			files = (
			);
			runOnlyForDeploymentPostprocessing = 0;
		};
/* End PBXResourcesBuildPhase section */

/* Begin PBXSourcesBuildPhase section */
		45A10D6A2B8324E7009F76A4 /* Sources */ = {
			isa = PBXSourcesBuildPhase;
			buildActionMask = 2147483647;
			files = (
				45A10D742B8324E7009F76A4 /* ContentView.swift in Sources */,
				45A10D722B8324E7009F76A4 /* animationApp.swift in Sources */,
				45A10D9C2B83259D009F76A4 /* SwiftUIView.swift in Sources */,
			);
			runOnlyForDeploymentPostprocessing = 0;
		};
		45A10D7A2B8324E9009F76A4 /* Sources */ = {
			isa = PBXSourcesBuildPhase;
			buildActionMask = 2147483647;
			files = (
				45A10D832B8324E9009F76A4 /* animationTests.swift in Sources */,
			);
			runOnlyForDeploymentPostprocessing = 0;
		};
		45A10D842B8324E9009F76A4 /* Sources */ = {
			isa = PBXSourcesBuildPhase;
			buildActionMask = 2147483647;
			files = (
				45A10D8D2B8324E9009F76A4 /* animationUITests.swift in Sources */,
				45A10D8F2B8324E9009F76A4 /* animationUITestsLaunchTests.swift in Sources */,
			);
			runOnlyForDeploymentPostprocessing = 0;
		};
/* End PBXSourcesBuildPhase section */

/* Begin PBXTargetDependency section */
		45A10D802B8324E9009F76A4 /* PBXTargetDependency */ = {
			isa = PBXTargetDependency;
			target = 45A10D6D2B8324E7009F76A4 /* animation */;
			targetProxy = 45A10D7F2B8324E9009F76A4 /* PBXContainerItemProxy */;
		};
		45A10D8A2B8324E9009F76A4 /* PBXTargetDependency */ = {
			isa = PBXTargetDependency;
			target = 45A10D6D2B8324E7009F76A4 /* animation */;
			targetProxy = 45A10D892B8324E9009F76A4 /* PBXContainerItemProxy */;
		};
/* End PBXTargetDependency section */

/* Begin XCBuildConfiguration section */
		45A10D902B8324E9009F76A4 /* Debug */ = {
			isa = XCBuildConfiguration;
			buildSettings = {
				ALWAYS_SEARCH_USER_PATHS = NO;
				ASSETCATALOG_COMPILER_GENERATE_SWIFT_ASSET_SYMBOL_EXTENSIONS = YES;
				CLANG_ANALYZER_NONNULL = YES;
				CLANG_ANALYZER_NUMBER_OBJECT_CONVERSION = YES_AGGRESSIVE;
				CLANG_CXX_LANGUAGE_STANDARD = "gnu++20";
				CLANG_ENABLE_MODULES = YES;
				CLANG_ENABLE_OBJC_ARC = YES;
				CLANG_ENABLE_OBJC_WEAK = YES;
				CLANG_WARN_BLOCK_CAPTURE_AUTORELEASING = YES;
				CLANG_WARN_BOOL_CONVERSION = YES;
				CLANG_WARN_COMMA = YES;
				CLANG_WARN_CONSTANT_CONVERSION = YES;
				CLANG_WARN_DEPRECATED_OBJC_IMPLEMENTATIONS = YES;
				CLANG_WARN_DIRECT_OBJC_ISA_USAGE = YES_ERROR;
				CLANG_WARN_DOCUMENTATION_COMMENTS = YES;
				CLANG_WARN_EMPTY_BODY = YES;
				CLANG_WARN_ENUM_CONVERSION = YES;
				CLANG_WARN_INFINITE_RECURSION = YES;
				CLANG_WARN_INT_CONVERSION = YES;
				CLANG_WARN_NON_LITERAL_NULL_CONVERSION = YES;
				CLANG_WARN_OBJC_IMPLICIT_RETAIN_SELF = YES;
				CLANG_WARN_OBJC_LITERAL_CONVERSION = YES;
				CLANG_WARN_OBJC_ROOT_CLASS = YES_ERROR;
				CLANG_WARN_QUOTED_INCLUDE_IN_FRAMEWORK_HEADER = YES;
				CLANG_WARN_RANGE_LOOP_ANALYSIS = YES;
				CLANG_WARN_STRICT_PROTOTYPES = YES;
				CLANG_WARN_SUSPICIOUS_MOVE = YES;
				CLANG_WARN_UNGUARDED_AVAILABILITY = YES_AGGRESSIVE;
				CLANG_WARN_UNREACHABLE_CODE = YES;
				CLANG_WARN__DUPLICATE_METHOD_MATCH = YES;
				COPY_PHASE_STRIP = NO;
				DEBUG_INFORMATION_FORMAT = dwarf;
				ENABLE_STRICT_OBJC_MSGSEND = YES;
				ENABLE_TESTABILITY = YES;
				ENABLE_USER_SCRIPT_SANDBOXING = YES;
				GCC_C_LANGUAGE_STANDARD = gnu17;
				GCC_DYNAMIC_NO_PIC = NO;
				GCC_NO_COMMON_BLOCKS = YES;
				GCC_OPTIMIZATION_LEVEL = 0;
				GCC_PREPROCESSOR_DEFINITIONS = (
					"DEBUG=1",
					"$(inherited)",
				);
				GCC_WARN_64_TO_32_BIT_CONVERSION = YES;
				GCC_WARN_ABOUT_RETURN_TYPE = YES_ERROR;
				GCC_WARN_UNDECLARED_SELECTOR = YES;
				GCC_WARN_UNINITIALIZED_AUTOS = YES_AGGRESSIVE;
				GCC_WARN_UNUSED_FUNCTION = YES;
				GCC_WARN_UNUSED_VARIABLE = YES;
				IPHONEOS_DEPLOYMENT_TARGET = 17.2;
				LOCALIZATION_PREFERS_STRING_CATALOGS = YES;
				MTL_ENABLE_DEBUG_INFO = INCLUDE_SOURCE;
				MTL_FAST_MATH = YES;
				ONLY_ACTIVE_ARCH = YES;
				SDKROOT = iphoneos;
				SWIFT_ACTIVE_COMPILATION_CONDITIONS = "DEBUG $(inherited)";
				SWIFT_OPTIMIZATION_LEVEL = "-Onone";
			};
			name = Debug;
		};
		45A10D912B8324E9009F76A4 /* Release */ = {
			isa = XCBuildConfiguration;
			buildSettings = {
				ALWAYS_SEARCH_USER_PATHS = NO;
				ASSETCATALOG_COMPILER_GENERATE_SWIFT_ASSET_SYMBOL_EXTENSIONS = YES;
				CLANG_ANALYZER_NONNULL = YES;
				CLANG_ANALYZER_NUMBER_OBJECT_CONVERSION = YES_AGGRESSIVE;
				CLANG_CXX_LANGUAGE_STANDARD = "gnu++20";
				CLANG_ENABLE_MODULES = YES;
				CLANG_ENABLE_OBJC_ARC = YES;
				CLANG_ENABLE_OBJC_WEAK = YES;
				CLANG_WARN_BLOCK_CAPTURE_AUTORELEASING = YES;
				CLANG_WARN_BOOL_CONVERSION = YES;
				CLANG_WARN_COMMA = YES;
				CLANG_WARN_CONSTANT_CONVERSION = YES;
				CLANG_WARN_DEPRECATED_OBJC_IMPLEMENTATIONS = YES;
				CLANG_WARN_DIRECT_OBJC_ISA_USAGE = YES_ERROR;
				CLANG_WARN_DOCUMENTATION_COMMENTS = YES;
				CLANG_WARN_EMPTY_BODY = YES;
				CLANG_WARN_ENUM_CONVERSION = YES;
				CLANG_WARN_INFINITE_RECURSION = YES;
				CLANG_WARN_INT_CONVERSION = YES;
				CLANG_WARN_NON_LITERAL_NULL_CONVERSION = YES;
				CLANG_WARN_OBJC_IMPLICIT_RETAIN_SELF = YES;
				CLANG_WARN_OBJC_LITERAL_CONVERSION = YES;
				CLANG_WARN_OBJC_ROOT_CLASS = YES_ERROR;
				CLANG_WARN_QUOTED_INCLUDE_IN_FRAMEWORK_HEADER = YES;
				CLANG_WARN_RANGE_LOOP_ANALYSIS = YES;
				CLANG_WARN_STRICT_PROTOTYPES = YES;
				CLANG_WARN_SUSPICIOUS_MOVE = YES;
				CLANG_WARN_UNGUARDED_AVAILABILITY = YES_AGGRESSIVE;
				CLANG_WARN_UNREACHABLE_CODE = YES;
				CLANG_WARN__DUPLICATE_METHOD_MATCH = YES;
				COPY_PHASE_STRIP = NO;
				DEBUG_INFORMATION_FORMAT = "dwarf-with-dsym";
				ENABLE_NS_ASSERTIONS = NO;
				ENABLE_STRICT_OBJC_MSGSEND = YES;
				ENABLE_USER_SCRIPT_SANDBOXING = YES;
				GCC_C_LANGUAGE_STANDARD = gnu17;
				GCC_NO_COMMON_BLOCKS = YES;
				GCC_WARN_64_TO_32_BIT_CONVERSION = YES;
				GCC_WARN_ABOUT_RETURN_TYPE = YES_ERROR;
				GCC_WARN_UNDECLARED_SELECTOR = YES;
				GCC_WARN_UNINITIALIZED_AUTOS = YES_AGGRESSIVE;
				GCC_WARN_UNUSED_FUNCTION = YES;
				GCC_WARN_UNUSED_VARIABLE = YES;
				IPHONEOS_DEPLOYMENT_TARGET = 17.2;
				LOCALIZATION_PREFERS_STRING_CATALOGS = YES;
				MTL_ENABLE_DEBUG_INFO = NO;
				MTL_FAST_MATH = YES;
				SDKROOT = iphoneos;
				SWIFT_COMPILATION_MODE = wholemodule;
				VALIDATE_PRODUCT = YES;
			};
			name = Release;
		};
		45A10D932B8324E9009F76A4 /* Debug */ = {
			isa = XCBuildConfiguration;
			buildSettings = {
				ASSETCATALOG_COMPILER_APPICON_NAME = AppIcon;
				ASSETCATALOG_COMPILER_GLOBAL_ACCENT_COLOR_NAME = AccentColor;
				CODE_SIGN_STYLE = Automatic;
				CURRENT_PROJECT_VERSION = 1;
				DEVELOPMENT_ASSET_PATHS = "\"animation/Preview Content\"";
				ENABLE_PREVIEWS = YES;
				GENERATE_INFOPLIST_FILE = YES;
				INFOPLIST_KEY_UIApplicationSceneManifest_Generation = YES;
				INFOPLIST_KEY_UIApplicationSupportsIndirectInputEvents = YES;
				INFOPLIST_KEY_UILaunchScreen_Generation = YES;
				INFOPLIST_KEY_UISupportedInterfaceOrientations_iPad = "UIInterfaceOrientationPortrait UIInterfaceOrientationPortraitUpsideDown UIInterfaceOrientationLandscapeLeft UIInterfaceOrientationLandscapeRight";
				INFOPLIST_KEY_UISupportedInterfaceOrientations_iPhone = "UIInterfaceOrientationPortrait UIInterfaceOrientationLandscapeLeft UIInterfaceOrientationLandscapeRight";
				LD_RUNPATH_SEARCH_PATHS = (
					"$(inherited)",
					"@executable_path/Frameworks",
				);
				MARKETING_VERSION = 1.0;
				PRODUCT_BUNDLE_IDENTIFIER = kapil.animation;
				PRODUCT_NAME = "$(TARGET_NAME)";
				SWIFT_EMIT_LOC_STRINGS = YES;
				SWIFT_VERSION = 5.0;
				TARGETED_DEVICE_FAMILY = "1,2";
			};
			name = Debug;
		};
		45A10D942B8324E9009F76A4 /* Release */ = {
			isa = XCBuildConfiguration;
			buildSettings = {
				ASSETCATALOG_COMPILER_APPICON_NAME = AppIcon;
				ASSETCATALOG_COMPILER_GLOBAL_ACCENT_COLOR_NAME = AccentColor;
				CODE_SIGN_STYLE = Automatic;
				CURRENT_PROJECT_VERSION = 1;
				DEVELOPMENT_ASSET_PATHS = "\"animation/Preview Content\"";
				ENABLE_PREVIEWS = YES;
				GENERATE_INFOPLIST_FILE = YES;
				INFOPLIST_KEY_UIApplicationSceneManifest_Generation = YES;
				INFOPLIST_KEY_UIApplicationSupportsIndirectInputEvents = YES;
				INFOPLIST_KEY_UILaunchScreen_Generation = YES;
				INFOPLIST_KEY_UISupportedInterfaceOrientations_iPad = "UIInterfaceOrientationPortrait UIInterfaceOrientationPortraitUpsideDown UIInterfaceOrientationLandscapeLeft UIInterfaceOrientationLandscapeRight";
				INFOPLIST_KEY_UISupportedInterfaceOrientations_iPhone = "UIInterfaceOrientationPortrait UIInterfaceOrientationLandscapeLeft UIInterfaceOrientationLandscapeRight";
				LD_RUNPATH_SEARCH_PATHS = (
					"$(inherited)",
					"@executable_path/Frameworks",
				);
				MARKETING_VERSION = 1.0;
				PRODUCT_BUNDLE_IDENTIFIER = kapil.animation;
				PRODUCT_NAME = "$(TARGET_NAME)";
				SWIFT_EMIT_LOC_STRINGS = YES;
				SWIFT_VERSION = 5.0;
				TARGETED_DEVICE_FAMILY = "1,2";
			};
			name = Release;
		};
		45A10D962B8324E9009F76A4 /* Debug */ = {
			isa = XCBuildConfiguration;
			buildSettings = {
				ALWAYS_EMBED_SWIFT_STANDARD_LIBRARIES = YES;
				BUNDLE_LOADER = "$(TEST_HOST)";
				CODE_SIGN_STYLE = Automatic;
				CURRENT_PROJECT_VERSION = 1;
				GENERATE_INFOPLIST_FILE = YES;
				IPHONEOS_DEPLOYMENT_TARGET = 17.2;
				MARKETING_VERSION = 1.0;
				PRODUCT_BUNDLE_IDENTIFIER = kapil.animationTests;
				PRODUCT_NAME = "$(TARGET_NAME)";
				SWIFT_EMIT_LOC_STRINGS = NO;
				SWIFT_VERSION = 5.0;
				TARGETED_DEVICE_FAMILY = "1,2";
				TEST_HOST = "$(BUILT_PRODUCTS_DIR)/animation.app/$(BUNDLE_EXECUTABLE_FOLDER_PATH)/animation";
			};
			name = Debug;
		};
		45A10D972B8324E9009F76A4 /* Release */ = {
			isa = XCBuildConfiguration;
			buildSettings = {
				ALWAYS_EMBED_SWIFT_STANDARD_LIBRARIES = YES;
				BUNDLE_LOADER = "$(TEST_HOST)";
				CODE_SIGN_STYLE = Automatic;
				CURRENT_PROJECT_VERSION = 1;
				GENERATE_INFOPLIST_FILE = YES;
				IPHONEOS_DEPLOYMENT_TARGET = 17.2;
				MARKETING_VERSION = 1.0;
				PRODUCT_BUNDLE_IDENTIFIER = kapil.animationTests;
				PRODUCT_NAME = "$(TARGET_NAME)";
				SWIFT_EMIT_LOC_STRINGS = NO;
				SWIFT_VERSION = 5.0;
				TARGETED_DEVICE_FAMILY = "1,2";
				TEST_HOST = "$(BUILT_PRODUCTS_DIR)/animation.app/$(BUNDLE_EXECUTABLE_FOLDER_PATH)/animation";
			};
			name = Release;
		};
		45A10D992B8324E9009F76A4 /* Debug */ = {
			isa = XCBuildConfiguration;
			buildSettings = {
				ALWAYS_EMBED_SWIFT_STANDARD_LIBRARIES = YES;
				CODE_SIGN_STYLE = Automatic;
				CURRENT_PROJECT_VERSION = 1;
				GENERATE_INFOPLIST_FILE = YES;
				MARKETING_VERSION = 1.0;
				PRODUCT_BUNDLE_IDENTIFIER = kapil.animationUITests;
				PRODUCT_NAME = "$(TARGET_NAME)";
				SWIFT_EMIT_LOC_STRINGS = NO;
				SWIFT_VERSION = 5.0;
				TARGETED_DEVICE_FAMILY = "1,2";
				TEST_TARGET_NAME = animation;
			};
			name = Debug;
		};
		45A10D9A2B8324E9009F76A4 /* Release */ = {
			isa = XCBuildConfiguration;
			buildSettings = {
				ALWAYS_EMBED_SWIFT_STANDARD_LIBRARIES = YES;
				CODE_SIGN_STYLE = Automatic;
				CURRENT_PROJECT_VERSION = 1;
				GENERATE_INFOPLIST_FILE = YES;
				MARKETING_VERSION = 1.0;
				PRODUCT_BUNDLE_IDENTIFIER = kapil.animationUITests;
				PRODUCT_NAME = "$(TARGET_NAME)";
				SWIFT_EMIT_LOC_STRINGS = NO;
				SWIFT_VERSION = 5.0;
				TARGETED_DEVICE_FAMILY = "1,2";
				TEST_TARGET_NAME = animation;
			};
			name = Release;
		};
/* End XCBuildConfiguration section */

/* Begin XCConfigurationList section */
		45A10D692B8324E7009F76A4 /* Build configuration list for PBXProject "animation" */ = {
			isa = XCConfigurationList;
			buildConfigurations = (
				45A10D902B8324E9009F76A4 /* Debug */,
				45A10D912B8324E9009F76A4 /* Release */,
			);
			defaultConfigurationIsVisible = 0;
			defaultConfigurationName = Release;
		};
		45A10D922B8324E9009F76A4 /* Build configuration list for PBXNativeTarget "animation" */ = {
			isa = XCConfigurationList;
			buildConfigurations = (
				45A10D932B8324E9009F76A4 /* Debug */,
				45A10D942B8324E9009F76A4 /* Release */,
			);
			defaultConfigurationIsVisible = 0;
			defaultConfigurationName = Release;
		};
		45A10D952B8324E9009F76A4 /* Build configuration list for PBXNativeTarget "animationTests" */ = {
			isa = XCConfigurationList;
			buildConfigurations = (
				45A10D962B8324E9009F76A4 /* Debug */,
				45A10D972B8324E9009F76A4 /* Release */,
			);
			defaultConfigurationIsVisible = 0;
			defaultConfigurationName = Release;
		};
		45A10D982B8324E9009F76A4 /* Build configuration list for PBXNativeTarget "animationUITests" */ = {
			isa = XCConfigurationList;
			buildConfigurations = (
				45A10D992B8324E9009F76A4 /* Debug */,
				45A10D9A2B8324E9009F76A4 /* Release */,
			);
			defaultConfigurationIsVisible = 0;
			defaultConfigurationName = Release;
		};
/* End XCConfigurationList section */
	};
	rootObject = 45A10D662B8324E7009F76A4 /* Project object */;
}
